// !$*UTF8*$!
{
	archiveVersion = 1;
	classes = {
	};
	objectVersion = 50;
	objects = {

/* Begin PBXBuildFile section */
		E37CAF92244681310077B755 /* AppDelegate.swift in Sources */ = {isa = PBXBuildFile; fileRef = E37CAF91244681310077B755 /* AppDelegate.swift */; };
		E37CAF94244681310077B755 /* SceneDelegate.swift in Sources */ = {isa = PBXBuildFile; fileRef = E37CAF93244681310077B755 /* SceneDelegate.swift */; };
		E37CAF96244681310077B755 /* ViewController.swift in Sources */ = {isa = PBXBuildFile; fileRef = E37CAF95244681310077B755 /* ViewController.swift */; };
		E37CAF99244681310077B755 /* Main.storyboard in Resources */ = {isa = PBXBuildFile; fileRef = E37CAF97244681310077B755 /* Main.storyboard */; };
		E37CAF9B244681360077B755 /* Assets.xcassets in Resources */ = {isa = PBXBuildFile; fileRef = E37CAF9A244681360077B755 /* Assets.xcassets */; };
		E37CAF9E244681360077B755 /* LaunchScreen.storyboard in Resources */ = {isa = PBXBuildFile; fileRef = E37CAF9C244681360077B755 /* LaunchScreen.storyboard */; };
		E37CAFBC2446C1350077B755 /* D.wav in Resources */ = {isa = PBXBuildFile; fileRef = E37CAFB52446C1350077B755 /* D.wav */; };
		E37CAFBD2446C1350077B755 /* C.wav in Resources */ = {isa = PBXBuildFile; fileRef = E37CAFB62446C1350077B755 /* C.wav */; };
		E37CAFBE2446C1350077B755 /* F.wav in Resources */ = {isa = PBXBuildFile; fileRef = E37CAFB72446C1350077B755 /* F.wav */; };
		E37CAFBF2446C1350077B755 /* A.wav in Resources */ = {isa = PBXBuildFile; fileRef = E37CAFB82446C1350077B755 /* A.wav */; };
		E37CAFC02446C1350077B755 /* B.wav in Resources */ = {isa = PBXBuildFile; fileRef = E37CAFB92446C1350077B755 /* B.wav */; };
		E37CAFC12446C1350077B755 /* E.wav in Resources */ = {isa = PBXBuildFile; fileRef = E37CAFBA2446C1350077B755 /* E.wav */; };
		E37CAFC22446C1350077B755 /* G.wav in Resources */ = {isa = PBXBuildFile; fileRef = E37CAFBB2446C1350077B755 /* G.wav */; };
/* End PBXBuildFile section */

/* Begin PBXFileReference section */
		E37CAF8E244681310077B755 /* Xylophone.app */ = {isa = PBXFileReference; explicitFileType = wrapper.application; includeInIndex = 0; path = Xylophone.app; sourceTree = BUILT_PRODUCTS_DIR; };
		E37CAF91244681310077B755 /* AppDelegate.swift */ = {isa = PBXFileReference; lastKnownFileType = sourcecode.swift; path = AppDelegate.swift; sourceTree = "<group>"; };
		E37CAF93244681310077B755 /* SceneDelegate.swift */ = {isa = PBXFileReference; lastKnownFileType = sourcecode.swift; path = SceneDelegate.swift; sourceTree = "<group>"; };
		E37CAF95244681310077B755 /* ViewController.swift */ = {isa = PBXFileReference; lastKnownFileType = sourcecode.swift; path = ViewController.swift; sourceTree = "<group>"; };
		E37CAF98244681310077B755 /* Base */ = {isa = PBXFileReference; lastKnownFileType = file.storyboard; name = Base; path = Base.lproj/Main.storyboard; sourceTree = "<group>"; };
		E37CAF9A244681360077B755 /* Assets.xcassets */ = {isa = PBXFileReference; lastKnownFileType = folder.assetcatalog; path = Assets.xcassets; sourceTree = "<group>"; };
		E37CAF9D244681360077B755 /* Base */ = {isa = PBXFileReference; lastKnownFileType = file.storyboard; name = Base; path = Base.lproj/LaunchScreen.storyboard; sourceTree = "<group>"; };
		E37CAF9F244681360077B755 /* Info.plist */ = {isa = PBXFileReference; lastKnownFileType = text.plist.xml; path = Info.plist; sourceTree = "<group>"; };
		E37CAFB52446C1350077B755 /* D.wav */ = {isa = PBXFileReference; lastKnownFileType = audio.wav; name = D.wav; path = ../../../../../../../../Downloads/D.wav; sourceTree = "<group>"; };
		E37CAFB62446C1350077B755 /* C.wav */ = {isa = PBXFileReference; lastKnownFileType = audio.wav; name = C.wav; path = ../../../../../../../../Downloads/C.wav; sourceTree = "<group>"; };
		E37CAFB72446C1350077B755 /* F.wav */ = {isa = PBXFileReference; lastKnownFileType = audio.wav; name = F.wav; path = ../../../../../../../../Downloads/F.wav; sourceTree = "<group>"; };
		E37CAFB82446C1350077B755 /* A.wav */ = {isa = PBXFileReference; lastKnownFileType = audio.wav; name = A.wav; path = ../../../../../../../../Downloads/A.wav; sourceTree = "<group>"; };
		E37CAFB92446C1350077B755 /* B.wav */ = {isa = PBXFileReference; lastKnownFileType = audio.wav; name = B.wav; path = ../../../../../../../../Downloads/B.wav; sourceTree = "<group>"; };
		E37CAFBA2446C1350077B755 /* E.wav */ = {isa = PBXFileReference; lastKnownFileType = audio.wav; name = E.wav; path = ../../../../../../../../Downloads/E.wav; sourceTree = "<group>"; };
		E37CAFBB2446C1350077B755 /* G.wav */ = {isa = PBXFileReference; lastKnownFileType = audio.wav; name = G.wav; path = ../../../../../../../../Downloads/G.wav; sourceTree = "<group>"; };
/* End PBXFileReference section */

/* Begin PBXFrameworksBuildPhase section */
		E37CAF8B244681310077B755 /* Frameworks */ = {
			isa = PBXFrameworksBuildPhase;
			buildActionMask = 2147483647;
			files = (
			);
			runOnlyForDeploymentPostprocessing = 0;
		};
/* End PBXFrameworksBuildPhase section */

/* Begin PBXGroup section */
		E37CAF85244681310077B755 = {
			isa = PBXGroup;
			children = (
				E37CAF90244681310077B755 /* Xylophone */,
				E37CAF8F244681310077B755 /* Products */,
			);
			sourceTree = "<group>";
		};
		E37CAF8F244681310077B755 /* Products */ = {
			isa = PBXGroup;
			children = (
				E37CAF8E244681310077B755 /* Xylophone.app */,
			);
			name = Products;
			sourceTree = "<group>";
		};
		E37CAF90244681310077B755 /* Xylophone */ = {
			isa = PBXGroup;
			children = (
				E37CAFB42446C1050077B755 /* My Sounds */,
				E37CAF91244681310077B755 /* AppDelegate.swift */,
				E37CAF93244681310077B755 /* SceneDelegate.swift */,
				E37CAF95244681310077B755 /* ViewController.swift */,
				E37CAF97244681310077B755 /* Main.storyboard */,
				E37CAF9A244681360077B755 /* Assets.xcassets */,
				E37CAF9C244681360077B755 /* LaunchScreen.storyboard */,
				E37CAF9F244681360077B755 /* Info.plist */,
			);
			path = Xylophone;
			sourceTree = "<group>";
		};
		E37CAFB42446C1050077B755 /* My Sounds */ = {
			isa = PBXGroup;
			children = (
				E37CAFB82446C1350077B755 /* A.wav */,
				E37CAFB92446C1350077B755 /* B.wav */,
				E37CAFB62446C1350077B755 /* C.wav */,
				E37CAFB52446C1350077B755 /* D.wav */,
				E37CAFBA2446C1350077B755 /* E.wav */,
				E37CAFB72446C1350077B755 /* F.wav */,
				E37CAFBB2446C1350077B755 /* G.wav */,
			);
			path = "My Sounds";
			sourceTree = "<group>";
		};
/* End PBXGroup section */

/* Begin PBXNativeTarget section */
		E37CAF8D244681310077B755 /* Xylophone */ = {
			isa = PBXNativeTarget;
			buildConfigurationList = E37CAFA2244681360077B755 /* Build configuration list for PBXNativeTarget "Xylophone" */;
			buildPhases = (
				E37CAF8A244681310077B755 /* Sources */,
				E37CAF8B244681310077B755 /* Frameworks */,
				E37CAF8C244681310077B755 /* Resources */,
			);
			buildRules = (
			);
			dependencies = (
			);
			name = Xylophone;
			productName = Xylophone;
			productReference = E37CAF8E244681310077B755 /* Xylophone.app */;
			productType = "com.apple.product-type.application";
		};
/* End PBXNativeTarget section */

/* Begin PBXProject section */
		E37CAF86244681310077B755 /* Project object */ = {
			isa = PBXProject;
			attributes = {
				LastSwiftUpdateCheck = 1140;
				LastUpgradeCheck = 1140;
				ORGANIZATIONNAME = "Francois Technology";
				TargetAttributes = {
					E37CAF8D244681310077B755 = {
						CreatedOnToolsVersion = 11.4;
					};
				};
			};
			buildConfigurationList = E37CAF89244681310077B755 /* Build configuration list for PBXProject "Xylophone" */;
			compatibilityVersion = "Xcode 9.3";
			developmentRegion = en;
			hasScannedForEncodings = 0;
			knownRegions = (
				en,
				Base,
			);
			mainGroup = E37CAF85244681310077B755;
			productRefGroup = E37CAF8F244681310077B755 /* Products */;
			projectDirPath = "";
			projectRoot = "";
			targets = (
				E37CAF8D244681310077B755 /* Xylophone */,
			);
		};
/* End PBXProject section */

/* Begin PBXResourcesBuildPhase section */
		E37CAF8C244681310077B755 /* Resources */ = {
			isa = PBXResourcesBuildPhase;
			buildActionMask = 2147483647;
			files = (
				E37CAFBF2446C1350077B755 /* A.wav in Resources */,
				E37CAF9E244681360077B755 /* LaunchScreen.storyboard in Resources */,
				E37CAFBC2446C1350077B755 /* D.wav in Resources */,
				E37CAFC02446C1350077B755 /* B.wav in Resources */,
				E37CAF9B244681360077B755 /* Assets.xcassets in Resources */,
				E37CAFBE2446C1350077B755 /* F.wav in Resources */,
				E37CAFC22446C1350077B755 /* G.wav in Resources */,
				E37CAFC12446C1350077B755 /* E.wav in Resources */,
				E37CAF99244681310077B755 /* Main.storyboard in Resources */,
				E37CAFBD2446C1350077B755 /* C.wav in Resources */,
			);
			runOnlyForDeploymentPostprocessing = 0;
		};
/* End PBXResourcesBuildPhase section */

/* Begin PBXSourcesBuildPhase section */
		E37CAF8A244681310077B755 /* Sources */ = {
			isa = PBXSourcesBuildPhase;
			buildActionMask = 2147483647;
			files = (
				E37CAF96244681310077B755 /* ViewController.swift in Sources */,
				E37CAF92244681310077B755 /* AppDelegate.swift in Sources */,
				E37CAF94244681310077B755 /* SceneDelegate.swift in Sources */,
			);
			runOnlyForDeploymentPostprocessing = 0;
		};
/* End PBXSourcesBuildPhase section */

/* Begin PBXVariantGroup section */
		E37CAF97244681310077B755 /* Main.storyboard */ = {
			isa = PBXVariantGroup;
			children = (
				E37CAF98244681310077B755 /* Base */,
			);
			name = Main.storyboard;
			sourceTree = "<group>";
		};
		E37CAF9C244681360077B755 /* LaunchScreen.storyboard */ = {
			isa = PBXVariantGroup;
			children = (
				E37CAF9D244681360077B755 /* Base */,
			);
			name = LaunchScreen.storyboard;
			sourceTree = "<group>";
		};
/* End PBXVariantGroup section */

/* Begin XCBuildConfiguration section */
		E37CAFA0244681360077B755 /* Debug */ = {
			isa = XCBuildConfiguration;
			buildSettings = {
				ALWAYS_SEARCH_USER_PATHS = NO;
				CLANG_ANALYZER_NONNULL = YES;
				CLANG_ANALYZER_NUMBER_OBJECT_CONVERSION = YES_AGGRESSIVE;
				CLANG_CXX_LANGUAGE_STANDARD = "gnu++14";
				CLANG_CXX_LIBRARY = "libc++";
				CLANG_ENABLE_MODULES = YES;
				CLANG_ENABLE_OBJC_ARC = YES;
				CLANG_ENABLE_OBJC_WEAK = YES;
				CLANG_WARN_BLOCK_CAPTURE_AUTORELEASING = YES;
				CLANG_WARN_BOOL_CONVERSION = YES;
				CLANG_WARN_COMMA = YES;
				CLANG_WARN_CONSTANT_CONVERSION = YES;
				CLANG_WARN_DEPRECATED_OBJC_IMPLEMENTATIONS = YES;
				CLANG_WARN_DIRECT_OBJC_ISA_USAGE = YES_ERROR;
				CLANG_WARN_DOCUMENTATION_COMMENTS = YES;
				CLANG_WARN_EMPTY_BODY = YES;
				CLANG_WARN_ENUM_CONVERSION = YES;
				CLANG_WARN_INFINITE_RECURSION = YES;
				CLANG_WARN_INT_CONVERSION = YES;
				CLANG_WARN_NON_LITERAL_NULL_CONVERSION = YES;
				CLANG_WARN_OBJC_IMPLICIT_RETAIN_SELF = YES;
				CLANG_WARN_OBJC_LITERAL_CONVERSION = YES;
				CLANG_WARN_OBJC_ROOT_CLASS = YES_ERROR;
				CLANG_WARN_RANGE_LOOP_ANALYSIS = YES;
				CLANG_WARN_STRICT_PROTOTYPES = YES;
				CLANG_WARN_SUSPICIOUS_MOVE = YES;
				CLANG_WARN_UNGUARDED_AVAILABILITY = YES_AGGRESSIVE;
				CLANG_WARN_UNREACHABLE_CODE = YES;
				CLANG_WARN__DUPLICATE_METHOD_MATCH = YES;
				COPY_PHASE_STRIP = NO;
				DEBUG_INFORMATION_FORMAT = dwarf;
				ENABLE_STRICT_OBJC_MSGSEND = YES;
				ENABLE_TESTABILITY = YES;
				GCC_C_LANGUAGE_STANDARD = gnu11;
				GCC_DYNAMIC_NO_PIC = NO;
				GCC_NO_COMMON_BLOCKS = YES;
				GCC_OPTIMIZATION_LEVEL = 0;
				GCC_PREPROCESSOR_DEFINITIONS = (
					"DEBUG=1",
					"$(inherited)",
				);
				GCC_WARN_64_TO_32_BIT_CONVERSION = YES;
				GCC_WARN_ABOUT_RETURN_TYPE = YES_ERROR;
				GCC_WARN_UNDECLARED_SELECTOR = YES;
				GCC_WARN_UNINITIALIZED_AUTOS = YES_AGGRESSIVE;
				GCC_WARN_UNUSED_FUNCTION = YES;
				GCC_WARN_UNUSED_VARIABLE = YES;
				IPHONEOS_DEPLOYMENT_TARGET = 13.4;
				MTL_ENABLE_DEBUG_INFO = INCLUDE_SOURCE;
				MTL_FAST_MATH = YES;
				ONLY_ACTIVE_ARCH = YES;
				SDKROOT = iphoneos;
				SWIFT_ACTIVE_COMPILATION_CONDITIONS = DEBUG;
				SWIFT_OPTIMIZATION_LEVEL = "-Onone";
			};
			name = Debug;
		};
		E37CAFA1244681360077B755 /* Release */ = {
			isa = XCBuildConfiguration;
			buildSettings = {
				ALWAYS_SEARCH_USER_PATHS = NO;
				CLANG_ANALYZER_NONNULL = YES;
				CLANG_ANALYZER_NUMBER_OBJECT_CONVERSION = YES_AGGRESSIVE;
				CLANG_CXX_LANGUAGE_STANDARD = "gnu++14";
				CLANG_CXX_LIBRARY = "libc++";
				CLANG_ENABLE_MODULES = YES;
				CLANG_ENABLE_OBJC_ARC = YES;
				CLANG_ENABLE_OBJC_WEAK = YES;
				CLANG_WARN_BLOCK_CAPTURE_AUTORELEASING = YES;
				CLANG_WARN_BOOL_CONVERSION = YES;
				CLANG_WARN_COMMA = YES;
				CLANG_WARN_CONSTANT_CONVERSION = YES;
				CLANG_WARN_DEPRECATED_OBJC_IMPLEMENTATIONS = YES;
				CLANG_WARN_DIRECT_OBJC_ISA_USAGE = YES_ERROR;
				CLANG_WARN_DOCUMENTATION_COMMENTS = YES;
				CLANG_WARN_EMPTY_BODY = YES;
				CLANG_WARN_ENUM_CONVERSION = YES;
				CLANG_WARN_INFINITE_RECURSION = YES;
				CLANG_WARN_INT_CONVERSION = YES;
				CLANG_WARN_NON_LITERAL_NULL_CONVERSION = YES;
				CLANG_WARN_OBJC_IMPLICIT_RETAIN_SELF = YES;
				CLANG_WARN_OBJC_LITERAL_CONVERSION = YES;
				CLANG_WARN_OBJC_ROOT_CLASS = YES_ERROR;
				CLANG_WARN_RANGE_LOOP_ANALYSIS = YES;
				CLANG_WARN_STRICT_PROTOTYPES = YES;
				CLANG_WARN_SUSPICIOUS_MOVE = YES;
				CLANG_WARN_UNGUARDED_AVAILABILITY = YES_AGGRESSIVE;
				CLANG_WARN_UNREACHABLE_CODE = YES;
				CLANG_WARN__DUPLICATE_METHOD_MATCH = YES;
				COPY_PHASE_STRIP = NO;
				DEBUG_INFORMATION_FORMAT = "dwarf-with-dsym";
				ENABLE_NS_ASSERTIONS = NO;
				ENABLE_STRICT_OBJC_MSGSEND = YES;
				GCC_C_LANGUAGE_STANDARD = gnu11;
				GCC_NO_COMMON_BLOCKS = YES;
				GCC_WARN_64_TO_32_BIT_CONVERSION = YES;
				GCC_WARN_ABOUT_RETURN_TYPE = YES_ERROR;
				GCC_WARN_UNDECLARED_SELECTOR = YES;
				GCC_WARN_UNINITIALIZED_AUTOS = YES_AGGRESSIVE;
				GCC_WARN_UNUSED_FUNCTION = YES;
				GCC_WARN_UNUSED_VARIABLE = YES;
				IPHONEOS_DEPLOYMENT_TARGET = 13.4;
				MTL_ENABLE_DEBUG_INFO = NO;
				MTL_FAST_MATH = YES;
				SDKROOT = iphoneos;
				SWIFT_COMPILATION_MODE = wholemodule;
				SWIFT_OPTIMIZATION_LEVEL = "-O";
				VALIDATE_PRODUCT = YES;
			};
			name = Release;
		};
		E37CAFA3244681360077B755 /* Debug */ = {
			isa = XCBuildConfiguration;
			buildSettings = {
				ASSETCATALOG_COMPILER_APPICON_NAME = AppIcon;
				CODE_SIGN_STYLE = Automatic;
				DEVELOPMENT_TEAM = D4T692RC82;
				INFOPLIST_FILE = Xylophone/Info.plist;
				LD_RUNPATH_SEARCH_PATHS = (
					"$(inherited)",
					"@executable_path/Frameworks",
				);
				PRODUCT_BUNDLE_IDENTIFIER = com.codero.Xylophone;
				PRODUCT_NAME = "$(TARGET_NAME)";
				SWIFT_VERSION = 5.0;
				TARGETED_DEVICE_FAMILY = "1,2";
			};
			name = Debug;
		};
		E37CAFA4244681360077B755 /* Release */ = {
			isa = XCBuildConfiguration;
			buildSettings = {
				ASSETCATALOG_COMPILER_APPICON_NAME = AppIcon;
				CODE_SIGN_STYLE = Automatic;
				DEVELOPMENT_TEAM = D4T692RC82;
				INFOPLIST_FILE = Xylophone/Info.plist;
				LD_RUNPATH_SEARCH_PATHS = (
					"$(inherited)",
					"@executable_path/Frameworks",
				);
				PRODUCT_BUNDLE_IDENTIFIER = com.codero.Xylophone;
				PRODUCT_NAME = "$(TARGET_NAME)";
				SWIFT_VERSION = 5.0;
				TARGETED_DEVICE_FAMILY = "1,2";
			};
			name = Release;
		};
/* End XCBuildConfiguration section */

/* Begin XCConfigurationList section */
		E37CAF89244681310077B755 /* Build configuration list for PBXProject "Xylophone" */ = {
			isa = XCConfigurationList;
			buildConfigurations = (
				E37CAFA0244681360077B755 /* Debug */,
				E37CAFA1244681360077B755 /* Release */,
			);
			defaultConfigurationIsVisible = 0;
			defaultConfigurationName = Release;
		};
		E37CAFA2244681360077B755 /* Build configuration list for PBXNativeTarget "Xylophone" */ = {
			isa = XCConfigurationList;
			buildConfigurations = (
				E37CAFA3244681360077B755 /* Debug */,
				E37CAFA4244681360077B755 /* Release */,
			);
			defaultConfigurationIsVisible = 0;
			defaultConfigurationName = Release;
		};
/* End XCConfigurationList section */
	};
	rootObject = E37CAF86244681310077B755 /* Project object */;
}
